// !$*UTF8*$!
{
	archiveVersion = 1;
	classes = {
	};
	objectVersion = 46;
	objects = {

/* Begin PBXBuildFile section */
		43E06CC59ACD85B8681DD5A8 /* Pods_GlobalMessageService.framework in Frameworks */ = {isa = PBXBuildFile; fileRef = 00E685DD458B7D6EDC3C17F9 /* Pods_GlobalMessageService.framework */; };
		8001D1F81C7314D300636645 /* GlobalMessageServiceErrors.strings in Resources */ = {isa = PBXBuildFile; fileRef = 8001D1FA1C7314D300636645 /* GlobalMessageServiceErrors.strings */; };
		802239971CAA5CEA002A7D79 /* GlobalMessageServicesResult.swift in Sources */ = {isa = PBXBuildFile; fileRef = 802239961CAA5CE9002A7D79 /* GlobalMessageServicesResult.swift */; };
		8022399D1CAACF1E002A7D79 /* CoreLocation.framework in Frameworks */ = {isa = PBXBuildFile; fileRef = 8022399C1CAACF1E002A7D79 /* CoreLocation.framework */; };
		804B4FB31C7DABCC0006AA8C /* GlobalMessageServiceHelper+SubscribersLocation.swift in Sources */ = {isa = PBXBuildFile; fileRef = 804B4FB21C7DABCC0006AA8C /* GlobalMessageServiceHelper+SubscribersLocation.swift */; };
		804B4FB51C7DACA50006AA8C /* GlobalMessageServiceHelper+GCMToken.swift in Sources */ = {isa = PBXBuildFile; fileRef = 804B4FB41C7DACA50006AA8C /* GlobalMessageServiceHelper+GCMToken.swift */; };
		804B4FD91C7DD5C30006AA8C /* Foundation.framework in Frameworks */ = {isa = PBXBuildFile; fileRef = 80C3A6061C75D585007721CA /* Foundation.framework */; };
		804B4FDD1C7DD94F0006AA8C /* CoreData.framework in Frameworks */ = {isa = PBXBuildFile; fileRef = 804B4FDC1C7DD94F0006AA8C /* CoreData.framework */; };
		804B4FDF1C7DD9580006AA8C /* UIKit.framework in Frameworks */ = {isa = PBXBuildFile; fileRef = 804B4FDE1C7DD9580006AA8C /* UIKit.framework */; };
		8083BF5F1CA92915004240A9 /* GlobalMessageService+Localization.swift in Sources */ = {isa = PBXBuildFile; fileRef = 8083BF5E1CA92915004240A9 /* GlobalMessageService+Localization.swift */; };
		8083BF631CA935B0004240A9 /* GlobalMessageServiceHelper+Validation.swift in Sources */ = {isa = PBXBuildFile; fileRef = 8083BF621CA935AF004240A9 /* GlobalMessageServiceHelper+Validation.swift */; };
		809A13C41C6CA7A900CB3977 /* GlobalMessageService.framework in Frameworks */ = {isa = PBXBuildFile; fileRef = 809A13B91C6CA7A900CB3977 /* GlobalMessageService.framework */; };
		809A13C91C6CA7A900CB3977 /* GlobalMessageServiceTests.swift in Sources */ = {isa = PBXBuildFile; fileRef = 809A13C81C6CA7A900CB3977 /* GlobalMessageServiceTests.swift */; };
		809A14061C6CA88F00CB3977 /* NSManagedObject+Extension.swift in Sources */ = {isa = PBXBuildFile; fileRef = 809A13D61C6CA88F00CB3977 /* NSManagedObject+Extension.swift */; };
		809A14071C6CA88F00CB3977 /* NSManagedObjectContext+Extension.swift in Sources */ = {isa = PBXBuildFile; fileRef = 809A13D71C6CA88F00CB3977 /* NSManagedObjectContext+Extension.swift */; };
		809A14081C6CA88F00CB3977 /* GlobalMessageServiceCoreDataHelper.swift in Sources */ = {isa = PBXBuildFile; fileRef = 809A13D81C6CA88F00CB3977 /* GlobalMessageServiceCoreDataHelper.swift */; };
		809A14091C6CA88F00CB3977 /* GMSInboxFetchedDate+Extension.swift in Sources */ = {isa = PBXBuildFile; fileRef = 809A13D91C6CA88F00CB3977 /* GMSInboxFetchedDate+Extension.swift */; };
		809A140A1C6CA88F00CB3977 /* GMSInboxMessage+Extension.swift in Sources */ = {isa = PBXBuildFile; fileRef = 809A13DA1C6CA88F00CB3977 /* GMSInboxMessage+Extension.swift */; };
		809A14101C6CA88F00CB3977 /* NSDate+Extension.swift in Sources */ = {isa = PBXBuildFile; fileRef = 809A13E21C6CA88F00CB3977 /* NSDate+Extension.swift */; };
		809A14111C6CA88F00CB3977 /* NSFileManager+Extensions.swift in Sources */ = {isa = PBXBuildFile; fileRef = 809A13E31C6CA88F00CB3977 /* NSFileManager+Extensions.swift */; };
		809A14121C6CA88F00CB3977 /* GlobalMessageService.swift in Sources */ = {isa = PBXBuildFile; fileRef = 809A13E41C6CA88F00CB3977 /* GlobalMessageService.swift */; };
		809A14131C6CA88F00CB3977 /* GlobalMessageServiceGMSDelegate.swift in Sources */ = {isa = PBXBuildFile; fileRef = 809A13E51C6CA88F00CB3977 /* GlobalMessageServiceGMSDelegate.swift */; };
		809A14141C6CA88F00CB3977 /* GlobalMessageServiceHelper.swift in Sources */ = {isa = PBXBuildFile; fileRef = 809A13E61C6CA88F00CB3977 /* GlobalMessageServiceHelper.swift */; };
		809A14151C6CA88F00CB3977 /* GlobalMessageServiceHelper+RemoteNotifications.swift in Sources */ = {isa = PBXBuildFile; fileRef = 809A13E71C6CA88F00CB3977 /* GlobalMessageServiceHelper+RemoteNotifications.swift */; };
		809A14161C6CA88F00CB3977 /* GlobalMessageServiceHelper+SubscriberInfo.swift in Sources */ = {isa = PBXBuildFile; fileRef = 809A13E81C6CA88F00CB3977 /* GlobalMessageServiceHelper+SubscriberInfo.swift */; };
		809A14181C6CA88F00CB3977 /* GlobalMessageServiceErrors.swift in Sources */ = {isa = PBXBuildFile; fileRef = 809A13EA1C6CA88F00CB3977 /* GlobalMessageServiceErrors.swift */; };
		809A14191C6CA88F00CB3977 /* GMSUser.swift in Sources */ = {isa = PBXBuildFile; fileRef = 809A13EB1C6CA88F00CB3977 /* GMSUser.swift */; };
		809A141A1C6CA88F00CB3977 /* GlobalMessageService.h in Headers */ = {isa = PBXBuildFile; fileRef = 809A13ED1C6CA88F00CB3977 /* GlobalMessageService.h */; settings = {ATTRIBUTES = (Public, ); }; };
		809A141D1C6CA88F00CB3977 /* GlobalMessageService+Log.swift in Sources */ = {isa = PBXBuildFile; fileRef = 809A13F11C6CA88F00CB3977 /* GlobalMessageService+Log.swift */; };
		809A141E1C6CA88F00CB3977 /* GMSMessage.swift in Sources */ = {isa = PBXBuildFile; fileRef = 809A13F31C6CA88F00CB3977 /* GMSMessage.swift */; };
		809A141F1C6CA88F00CB3977 /* GMSMessageFetcher.swift in Sources */ = {isa = PBXBuildFile; fileRef = 809A13F41C6CA88F00CB3977 /* GMSMessageFetcher.swift */; };
		809A14201C6CA88F00CB3977 /* GMSPushNotification+CoreData.swift in Sources */ = {isa = PBXBuildFile; fileRef = 809A13F61C6CA88F00CB3977 /* GMSPushNotification+CoreData.swift */; };
		809A14211C6CA88F00CB3977 /* GMSPushNotification+LocalNotification.swift in Sources */ = {isa = PBXBuildFile; fileRef = 809A13F71C6CA88F00CB3977 /* GMSPushNotification+LocalNotification.swift */; };
		809A14221C6CA88F00CB3977 /* GMSPushNotification.swift in Sources */ = {isa = PBXBuildFile; fileRef = 809A13F81C6CA88F00CB3977 /* GMSPushNotification.swift */; };
		809A14231C6CA88F00CB3977 /* GMSLocalizable.strings in Resources */ = {isa = PBXBuildFile; fileRef = 809A13FA1C6CA88F00CB3977 /* GMSLocalizable.strings */; };
		809A14241C6CA88F00CB3977 /* GlobalMessageServicesInbox.xcdatamodeld in Sources */ = {isa = PBXBuildFile; fileRef = 809A13FC1C6CA88F00CB3977 /* GlobalMessageServicesInbox.xcdatamodeld */; };
		809A14251C6CA88F00CB3977 /* GMSProvider+POST.swift in Sources */ = {isa = PBXBuildFile; fileRef = 809A14001C6CA88F00CB3977 /* GMSProvider+POST.swift */; };
		809A14261C6CA88F00CB3977 /* GMSProvider.swift in Sources */ = {isa = PBXBuildFile; fileRef = 809A14011C6CA88F00CB3977 /* GMSProvider.swift */; };
		809A14281C6CA88F00CB3977 /* GlobalMessageService+SettingsOnTopLevel.swift in Sources */ = {isa = PBXBuildFile; fileRef = 809A14041C6CA88F00CB3977 /* GlobalMessageService+SettingsOnTopLevel.swift */; };
		809A14291C6CA88F00CB3977 /* GMSSettings.swift in Sources */ = {isa = PBXBuildFile; fileRef = 809A14051C6CA88F00CB3977 /* GMSSettings.swift */; };
		80A984A91C847D3500AF64AD /* GlobalMessageServiceMessageFetcherJSQ.swift in Sources */ = {isa = PBXBuildFile; fileRef = 80A984A81C847D3500AF64AD /* GlobalMessageServiceMessageFetcherJSQ.swift */; };
		80A984AB1C847D7D00AF64AD /* GlobalMessageServiceMessageJSQ.swift in Sources */ = {isa = PBXBuildFile; fileRef = 80A984AA1C847D7D00AF64AD /* GlobalMessageServiceMessageJSQ.swift */; };
		80A984B71C870B2900AF64AD /* GlobalMessageServiceMessageType.swift in Sources */ = {isa = PBXBuildFile; fileRef = 80A984B61C870B2900AF64AD /* GlobalMessageServiceMessageType.swift */; };
		80ADC5841C9048BC006C285D /* Syncronized.swift in Sources */ = {isa = PBXBuildFile; fileRef = 80ADC5831C9048BC006C285D /* Syncronized.swift */; };
		80AE624B1C7F3E7900FE12D8 /* GMSInboxFetchedDate+CoreDataProperties.swift in Sources */ = {isa = PBXBuildFile; fileRef = 80AE62451C7F3E7900FE12D8 /* GMSInboxFetchedDate+CoreDataProperties.swift */; };
		80AE624C1C7F3E7900FE12D8 /* GMSInboxFetchedDate.swift in Sources */ = {isa = PBXBuildFile; fileRef = 80AE62461C7F3E7900FE12D8 /* GMSInboxFetchedDate.swift */; };
		80AE624D1C7F3E7900FE12D8 /* GMSInboxAlphaName+CoreDataProperties.swift in Sources */ = {isa = PBXBuildFile; fileRef = 80AE62471C7F3E7900FE12D8 /* GMSInboxAlphaName+CoreDataProperties.swift */; };
		80AE624E1C7F3E7900FE12D8 /* GMSInboxAlphaName.swift in Sources */ = {isa = PBXBuildFile; fileRef = 80AE62481C7F3E7900FE12D8 /* GMSInboxAlphaName.swift */; };
		80AE624F1C7F3E7900FE12D8 /* GMSInboxMessage+CoreDataProperties.swift in Sources */ = {isa = PBXBuildFile; fileRef = 80AE62491C7F3E7900FE12D8 /* GMSInboxMessage+CoreDataProperties.swift */; };
		80AE62501C7F3E7900FE12D8 /* GMSInboxMessage.swift in Sources */ = {isa = PBXBuildFile; fileRef = 80AE624A1C7F3E7900FE12D8 /* GMSInboxMessage.swift */; };
		80AE62521C7F3EF200FE12D8 /* GMSInboxAlphaName+Extension.swift in Sources */ = {isa = PBXBuildFile; fileRef = 80AE62511C7F3EF200FE12D8 /* GMSInboxAlphaName+Extension.swift */; };
		80AE62551C7F4D9800FE12D8 /* GlobalMessageServiceInboxViewController.swift in Sources */ = {isa = PBXBuildFile; fileRef = 80AE62541C7F4D9800FE12D8 /* GlobalMessageServiceInboxViewController.swift */; };
/* End PBXBuildFile section */

/* Begin PBXContainerItemProxy section */
		809A13C51C6CA7A900CB3977 /* PBXContainerItemProxy */ = {
			isa = PBXContainerItemProxy;
			containerPortal = 809A13B01C6CA7A900CB3977 /* Project object */;
			proxyType = 1;
			remoteGlobalIDString = 809A13B81C6CA7A900CB3977;
			remoteInfo = GlobalMessageService;
		};
/* End PBXContainerItemProxy section */

/* Begin PBXFileReference section */
		00E685DD458B7D6EDC3C17F9 /* Pods_GlobalMessageService.framework */ = {isa = PBXFileReference; explicitFileType = wrapper.framework; includeInIndex = 0; path = Pods_GlobalMessageService.framework; sourceTree = BUILT_PRODUCTS_DIR; };
		5F37A2E51B3298786575D826 /* Pods-GlobalMessageService.release.xcconfig */ = {isa = PBXFileReference; includeInIndex = 1; lastKnownFileType = text.xcconfig; name = "Pods-GlobalMessageService.release.xcconfig"; path = "Pods/Target Support Files/Pods-GlobalMessageService/Pods-GlobalMessageService.release.xcconfig"; sourceTree = "<group>"; };
		8001D1F91C7314D300636645 /* en */ = {isa = PBXFileReference; lastKnownFileType = text.plist.strings; name = en; path = en.lproj/GlobalMessageServiceErrors.strings; sourceTree = "<group>"; };
		8020502E1CA3D95B00B09F69 /* README.md */ = {isa = PBXFileReference; fileEncoding = 4; lastKnownFileType = net.daringfireball.markdown; name = README.md; path = ../README.md; sourceTree = "<group>"; };
		8020502F1CA3D95B00B09F69 /* GlobalMessageService.podspec */ = {isa = PBXFileReference; fileEncoding = 4; lastKnownFileType = text; name = GlobalMessageService.podspec; path = ../GlobalMessageService.podspec; sourceTree = "<group>"; xcLanguageSpecificationIdentifier = xcode.lang.ruby; };
		802050301CA3D95B00B09F69 /* LICENSE */ = {isa = PBXFileReference; fileEncoding = 4; lastKnownFileType = text; name = LICENSE; path = ../LICENSE; sourceTree = "<group>"; };
		802050311CA3D95B00B09F69 /* makedoc.sh */ = {isa = PBXFileReference; fileEncoding = 4; lastKnownFileType = text.script.sh; name = makedoc.sh; path = ../makedoc.sh; sourceTree = "<group>"; };
		802050361CA4016800B09F69 /* ru */ = {isa = PBXFileReference; lastKnownFileType = text.plist.strings; name = ru; path = ru.lproj/GMSLocalizable.strings; sourceTree = "<group>"; };
		802050381CA401D600B09F69 /* uk */ = {isa = PBXFileReference; lastKnownFileType = text.plist.strings; name = uk; path = uk.lproj/GlobalMessageServiceErrors.strings; sourceTree = "<group>"; };
		802050391CA4052600B09F69 /* ru */ = {isa = PBXFileReference; lastKnownFileType = text.plist.strings; name = ru; path = ru.lproj/GlobalMessageServiceErrors.strings; sourceTree = "<group>"; };
		802239961CAA5CE9002A7D79 /* GlobalMessageServicesResult.swift */ = {isa = PBXFileReference; fileEncoding = 4; lastKnownFileType = sourcecode.swift; path = GlobalMessageServicesResult.swift; sourceTree = "<group>"; };
		8022399C1CAACF1E002A7D79 /* CoreLocation.framework */ = {isa = PBXFileReference; lastKnownFileType = wrapper.framework; name = CoreLocation.framework; path = System/Library/Frameworks/CoreLocation.framework; sourceTree = SDKROOT; };
		804B4FB21C7DABCC0006AA8C /* GlobalMessageServiceHelper+SubscribersLocation.swift */ = {isa = PBXFileReference; fileEncoding = 4; lastKnownFileType = sourcecode.swift; path = "GlobalMessageServiceHelper+SubscribersLocation.swift"; sourceTree = "<group>"; };
		804B4FB41C7DACA50006AA8C /* GlobalMessageServiceHelper+GCMToken.swift */ = {isa = PBXFileReference; fileEncoding = 4; lastKnownFileType = sourcecode.swift; path = "GlobalMessageServiceHelper+GCMToken.swift"; sourceTree = "<group>"; };
		804B4FDA1C7DD9490006AA8C /* MapKit.framework */ = {isa = PBXFileReference; lastKnownFileType = wrapper.framework; name = MapKit.framework; path = System/Library/Frameworks/MapKit.framework; sourceTree = SDKROOT; };
		804B4FDC1C7DD94F0006AA8C /* CoreData.framework */ = {isa = PBXFileReference; lastKnownFileType = wrapper.framework; name = CoreData.framework; path = System/Library/Frameworks/CoreData.framework; sourceTree = SDKROOT; };
		804B4FDE1C7DD9580006AA8C /* UIKit.framework */ = {isa = PBXFileReference; lastKnownFileType = wrapper.framework; name = UIKit.framework; path = System/Library/Frameworks/UIKit.framework; sourceTree = SDKROOT; };
		8083BF5E1CA92915004240A9 /* GlobalMessageService+Localization.swift */ = {isa = PBXFileReference; fileEncoding = 4; lastKnownFileType = sourcecode.swift; path = "GlobalMessageService+Localization.swift"; sourceTree = "<group>"; };
		8083BF621CA935AF004240A9 /* GlobalMessageServiceHelper+Validation.swift */ = {isa = PBXFileReference; fileEncoding = 4; lastKnownFileType = sourcecode.swift; path = "GlobalMessageServiceHelper+Validation.swift"; sourceTree = "<group>"; };
		809A13B91C6CA7A900CB3977 /* GlobalMessageService.framework */ = {isa = PBXFileReference; explicitFileType = wrapper.framework; includeInIndex = 0; path = GlobalMessageService.framework; sourceTree = BUILT_PRODUCTS_DIR; };
		809A13C31C6CA7A900CB3977 /* GlobalMessageServiceTests.xctest */ = {isa = PBXFileReference; explicitFileType = wrapper.cfbundle; includeInIndex = 0; path = GlobalMessageServiceTests.xctest; sourceTree = BUILT_PRODUCTS_DIR; };
		809A13C81C6CA7A900CB3977 /* GlobalMessageServiceTests.swift */ = {isa = PBXFileReference; lastKnownFileType = sourcecode.swift; path = GlobalMessageServiceTests.swift; sourceTree = "<group>"; };
		809A13CA1C6CA7A900CB3977 /* Info.plist */ = {isa = PBXFileReference; lastKnownFileType = text.plist.xml; path = Info.plist; sourceTree = "<group>"; };
		809A13D61C6CA88F00CB3977 /* NSManagedObject+Extension.swift */ = {isa = PBXFileReference; fileEncoding = 4; lastKnownFileType = sourcecode.swift; path = "NSManagedObject+Extension.swift"; sourceTree = "<group>"; };
		809A13D71C6CA88F00CB3977 /* NSManagedObjectContext+Extension.swift */ = {isa = PBXFileReference; fileEncoding = 4; lastKnownFileType = sourcecode.swift; path = "NSManagedObjectContext+Extension.swift"; sourceTree = "<group>"; };
		809A13D81C6CA88F00CB3977 /* GlobalMessageServiceCoreDataHelper.swift */ = {isa = PBXFileReference; fileEncoding = 4; lastKnownFileType = sourcecode.swift; path = GlobalMessageServiceCoreDataHelper.swift; sourceTree = "<group>"; };
		809A13D91C6CA88F00CB3977 /* GMSInboxFetchedDate+Extension.swift */ = {isa = PBXFileReference; fileEncoding = 4; lastKnownFileType = sourcecode.swift; path = "GMSInboxFetchedDate+Extension.swift"; sourceTree = "<group>"; };
		809A13DA1C6CA88F00CB3977 /* GMSInboxMessage+Extension.swift */ = {isa = PBXFileReference; fileEncoding = 4; lastKnownFileType = sourcecode.swift; path = "GMSInboxMessage+Extension.swift"; sourceTree = "<group>"; };
		809A13E21C6CA88F00CB3977 /* NSDate+Extension.swift */ = {isa = PBXFileReference; fileEncoding = 4; lastKnownFileType = sourcecode.swift; path = "NSDate+Extension.swift"; sourceTree = "<group>"; };
		809A13E31C6CA88F00CB3977 /* NSFileManager+Extensions.swift */ = {isa = PBXFileReference; fileEncoding = 4; lastKnownFileType = sourcecode.swift; path = "NSFileManager+Extensions.swift"; sourceTree = "<group>"; };
		809A13E41C6CA88F00CB3977 /* GlobalMessageService.swift */ = {isa = PBXFileReference; fileEncoding = 4; lastKnownFileType = sourcecode.swift; path = GlobalMessageService.swift; sourceTree = "<group>"; };
		809A13E51C6CA88F00CB3977 /* GlobalMessageServiceGMSDelegate.swift */ = {isa = PBXFileReference; fileEncoding = 4; lastKnownFileType = sourcecode.swift; path = GlobalMessageServiceGMSDelegate.swift; sourceTree = "<group>"; };
		809A13E61C6CA88F00CB3977 /* GlobalMessageServiceHelper.swift */ = {isa = PBXFileReference; fileEncoding = 4; lastKnownFileType = sourcecode.swift; path = GlobalMessageServiceHelper.swift; sourceTree = "<group>"; };
		809A13E71C6CA88F00CB3977 /* GlobalMessageServiceHelper+RemoteNotifications.swift */ = {isa = PBXFileReference; fileEncoding = 4; lastKnownFileType = sourcecode.swift; path = "GlobalMessageServiceHelper+RemoteNotifications.swift"; sourceTree = "<group>"; };
		809A13E81C6CA88F00CB3977 /* GlobalMessageServiceHelper+SubscriberInfo.swift */ = {isa = PBXFileReference; fileEncoding = 4; lastKnownFileType = sourcecode.swift; path = "GlobalMessageServiceHelper+SubscriberInfo.swift"; sourceTree = "<group>"; };
		809A13EA1C6CA88F00CB3977 /* GlobalMessageServiceErrors.swift */ = {isa = PBXFileReference; fileEncoding = 4; lastKnownFileType = sourcecode.swift; path = GlobalMessageServiceErrors.swift; sourceTree = "<group>"; };
		809A13EB1C6CA88F00CB3977 /* GMSUser.swift */ = {isa = PBXFileReference; fileEncoding = 4; lastKnownFileType = sourcecode.swift; path = GMSUser.swift; sourceTree = "<group>"; };
		809A13ED1C6CA88F00CB3977 /* GlobalMessageService.h */ = {isa = PBXFileReference; fileEncoding = 4; lastKnownFileType = sourcecode.c.h; path = GlobalMessageService.h; sourceTree = "<group>"; };
		809A13EF1C6CA88F00CB3977 /* Info.plist */ = {isa = PBXFileReference; fileEncoding = 4; lastKnownFileType = text.plist.xml; name = Info.plist; path = GlobalMessageService/Info.plist; sourceTree = "<group>"; };
		809A13F11C6CA88F00CB3977 /* GlobalMessageService+Log.swift */ = {isa = PBXFileReference; fileEncoding = 4; lastKnownFileType = sourcecode.swift; path = "GlobalMessageService+Log.swift"; sourceTree = "<group>"; };
		809A13F31C6CA88F00CB3977 /* GMSMessage.swift */ = {isa = PBXFileReference; fileEncoding = 4; lastKnownFileType = sourcecode.swift; path = GMSMessage.swift; sourceTree = "<group>"; };
		809A13F41C6CA88F00CB3977 /* GMSMessageFetcher.swift */ = {isa = PBXFileReference; fileEncoding = 4; lastKnownFileType = sourcecode.swift; path = GMSMessageFetcher.swift; sourceTree = "<group>"; };
		809A13F61C6CA88F00CB3977 /* GMSPushNotification+CoreData.swift */ = {isa = PBXFileReference; fileEncoding = 4; lastKnownFileType = sourcecode.swift; path = "GMSPushNotification+CoreData.swift"; sourceTree = "<group>"; };
		809A13F71C6CA88F00CB3977 /* GMSPushNotification+LocalNotification.swift */ = {isa = PBXFileReference; fileEncoding = 4; lastKnownFileType = sourcecode.swift; path = "GMSPushNotification+LocalNotification.swift"; sourceTree = "<group>"; };
		809A13F81C6CA88F00CB3977 /* GMSPushNotification.swift */ = {isa = PBXFileReference; fileEncoding = 4; lastKnownFileType = sourcecode.swift; path = GMSPushNotification.swift; sourceTree = "<group>"; };
		809A13FB1C6CA88F00CB3977 /* en */ = {isa = PBXFileReference; lastKnownFileType = text.plist.strings; name = en; path = en.lproj/GMSLocalizable.strings; sourceTree = "<group>"; };
		809A13FD1C6CA88F00CB3977 /* GlobalMessageServicesInbox.xcdatamodel */ = {isa = PBXFileReference; lastKnownFileType = wrapper.xcdatamodel; path = GlobalMessageServicesInbox.xcdatamodel; sourceTree = "<group>"; };
		809A13FE1C6CA88F00CB3977 /* uk */ = {isa = PBXFileReference; lastKnownFileType = text.plist.strings; name = uk; path = uk.lproj/GMSLocalizable.strings; sourceTree = "<group>"; };
		809A14001C6CA88F00CB3977 /* GMSProvider+POST.swift */ = {isa = PBXFileReference; fileEncoding = 4; lastKnownFileType = sourcecode.swift; path = "GMSProvider+POST.swift"; sourceTree = "<group>"; };
		809A14011C6CA88F00CB3977 /* GMSProvider.swift */ = {isa = PBXFileReference; fileEncoding = 4; lastKnownFileType = sourcecode.swift; path = GMSProvider.swift; sourceTree = "<group>"; };
		809A14041C6CA88F00CB3977 /* GlobalMessageService+SettingsOnTopLevel.swift */ = {isa = PBXFileReference; fileEncoding = 4; lastKnownFileType = sourcecode.swift; path = "GlobalMessageService+SettingsOnTopLevel.swift"; sourceTree = "<group>"; };
		809A14051C6CA88F00CB3977 /* GMSSettings.swift */ = {isa = PBXFileReference; fileEncoding = 4; lastKnownFileType = sourcecode.swift; path = GMSSettings.swift; sourceTree = "<group>"; };
		80A984A81C847D3500AF64AD /* GlobalMessageServiceMessageFetcherJSQ.swift */ = {isa = PBXFileReference; fileEncoding = 4; lastKnownFileType = sourcecode.swift; path = GlobalMessageServiceMessageFetcherJSQ.swift; sourceTree = "<group>"; };
		80A984AA1C847D7D00AF64AD /* GlobalMessageServiceMessageJSQ.swift */ = {isa = PBXFileReference; fileEncoding = 4; lastKnownFileType = sourcecode.swift; path = GlobalMessageServiceMessageJSQ.swift; sourceTree = "<group>"; };
		80A984B61C870B2900AF64AD /* GlobalMessageServiceMessageType.swift */ = {isa = PBXFileReference; fileEncoding = 4; lastKnownFileType = sourcecode.swift; path = GlobalMessageServiceMessageType.swift; sourceTree = "<group>"; };
		80ADC5831C9048BC006C285D /* Syncronized.swift */ = {isa = PBXFileReference; fileEncoding = 4; lastKnownFileType = sourcecode.swift; path = Syncronized.swift; sourceTree = "<group>"; };
		80AE62451C7F3E7900FE12D8 /* GMSInboxFetchedDate+CoreDataProperties.swift */ = {isa = PBXFileReference; fileEncoding = 4; lastKnownFileType = sourcecode.swift; path = "GMSInboxFetchedDate+CoreDataProperties.swift"; sourceTree = "<group>"; };
		80AE62461C7F3E7900FE12D8 /* GMSInboxFetchedDate.swift */ = {isa = PBXFileReference; fileEncoding = 4; lastKnownFileType = sourcecode.swift; path = GMSInboxFetchedDate.swift; sourceTree = "<group>"; };
		80AE62471C7F3E7900FE12D8 /* GMSInboxAlphaName+CoreDataProperties.swift */ = {isa = PBXFileReference; fileEncoding = 4; lastKnownFileType = sourcecode.swift; path = "GMSInboxAlphaName+CoreDataProperties.swift"; sourceTree = "<group>"; };
		80AE62481C7F3E7900FE12D8 /* GMSInboxAlphaName.swift */ = {isa = PBXFileReference; fileEncoding = 4; lastKnownFileType = sourcecode.swift; path = GMSInboxAlphaName.swift; sourceTree = "<group>"; };
		80AE62491C7F3E7900FE12D8 /* GMSInboxMessage+CoreDataProperties.swift */ = {isa = PBXFileReference; fileEncoding = 4; lastKnownFileType = sourcecode.swift; path = "GMSInboxMessage+CoreDataProperties.swift"; sourceTree = "<group>"; };
		80AE624A1C7F3E7900FE12D8 /* GMSInboxMessage.swift */ = {isa = PBXFileReference; fileEncoding = 4; lastKnownFileType = sourcecode.swift; path = GMSInboxMessage.swift; sourceTree = "<group>"; };
		80AE62511C7F3EF200FE12D8 /* GMSInboxAlphaName+Extension.swift */ = {isa = PBXFileReference; fileEncoding = 4; lastKnownFileType = sourcecode.swift; path = "GMSInboxAlphaName+Extension.swift"; sourceTree = "<group>"; };
		80AE62541C7F4D9800FE12D8 /* GlobalMessageServiceInboxViewController.swift */ = {isa = PBXFileReference; fileEncoding = 4; lastKnownFileType = sourcecode.swift; path = GlobalMessageServiceInboxViewController.swift; sourceTree = "<group>"; };
		80C3A6061C75D585007721CA /* Foundation.framework */ = {isa = PBXFileReference; lastKnownFileType = wrapper.framework; name = Foundation.framework; path = System/Library/Frameworks/Foundation.framework; sourceTree = SDKROOT; };
		80E213E31C805A7C00AD44F1 /* Chatto.framework */ = {isa = PBXFileReference; lastKnownFileType = wrapper.framework; name = Chatto.framework; path = "Pods/../build/Debug-iphoneos/Chatto.framework"; sourceTree = "<group>"; };
		80E213E51C805A7F00AD44F1 /* ChattoAdditions.framework */ = {isa = PBXFileReference; lastKnownFileType = wrapper.framework; name = ChattoAdditions.framework; path = "Pods/../build/Debug-iphoneos/ChattoAdditions.framework"; sourceTree = "<group>"; };
		DA0E85F11FC3003057B19B88 /* Pods-GlobalMessageService.debug.xcconfig */ = {isa = PBXFileReference; includeInIndex = 1; lastKnownFileType = text.xcconfig; name = "Pods-GlobalMessageService.debug.xcconfig"; path = "Pods/Target Support Files/Pods-GlobalMessageService/Pods-GlobalMessageService.debug.xcconfig"; sourceTree = "<group>"; };
/* End PBXFileReference section */

/* Begin PBXFrameworksBuildPhase section */
		809A13B51C6CA7A900CB3977 /* Frameworks */ = {
			isa = PBXFrameworksBuildPhase;
			buildActionMask = 2147483647;
			files = (
				8022399D1CAACF1E002A7D79 /* CoreLocation.framework in Frameworks */,
				804B4FDF1C7DD9580006AA8C /* UIKit.framework in Frameworks */,
				804B4FDD1C7DD94F0006AA8C /* CoreData.framework in Frameworks */,
				804B4FD91C7DD5C30006AA8C /* Foundation.framework in Frameworks */,
				43E06CC59ACD85B8681DD5A8 /* Pods_GlobalMessageService.framework in Frameworks */,
			);
			runOnlyForDeploymentPostprocessing = 0;
		};
		809A13C01C6CA7A900CB3977 /* Frameworks */ = {
			isa = PBXFrameworksBuildPhase;
			buildActionMask = 2147483647;
			files = (
				809A13C41C6CA7A900CB3977 /* GlobalMessageService.framework in Frameworks */,
			);
			runOnlyForDeploymentPostprocessing = 0;
		};
/* End PBXFrameworksBuildPhase section */

/* Begin PBXGroup section */
		802050271CA3D7E400B09F69 /* Metadata */ = {
			isa = PBXGroup;
			children = (
				8020502E1CA3D95B00B09F69 /* README.md */,
				8020502F1CA3D95B00B09F69 /* GlobalMessageService.podspec */,
				802050301CA3D95B00B09F69 /* LICENSE */,
				802050311CA3D95B00B09F69 /* makedoc.sh */,
			);
			name = Metadata;
			sourceTree = SOURCE_ROOT;
		};
		802239981CAA6E49002A7D79 /* Core */ = {
			isa = PBXGroup;
			children = (
				809A13FA1C6CA88F00CB3977 /* GMSLocalizable.strings */,
				8001D1FA1C7314D300636645 /* GlobalMessageServiceErrors.strings */,
				809A13FC1C6CA88F00CB3977 /* GlobalMessageServicesInbox.xcdatamodeld */,
			);
			path = Core;
			sourceTree = "<group>";
		};
		809A13AF1C6CA7A900CB3977 = {
			isa = PBXGroup;
			children = (
				809A13EF1C6CA88F00CB3977 /* Info.plist */,
				809A13D31C6CA7F500CB3977 /* Source */,
				809A13F91C6CA88F00CB3977 /* Resources */,
				802050271CA3D7E400B09F69 /* Metadata */,
				809A13C71C6CA7A900CB3977 /* Tests */,
				809A13BA1C6CA7A900CB3977 /* Products */,
				EF315B1FD67431C30CA121F7 /* Frameworks */,
				C5380CCA71FA6C7A10708AFF /* Pods */,
			);
			sourceTree = "<group>";
		};
		809A13BA1C6CA7A900CB3977 /* Products */ = {
			isa = PBXGroup;
			children = (
				809A13B91C6CA7A900CB3977 /* GlobalMessageService.framework */,
				809A13C31C6CA7A900CB3977 /* GlobalMessageServiceTests.xctest */,
			);
			name = Products;
			sourceTree = "<group>";
		};
		809A13C71C6CA7A900CB3977 /* Tests */ = {
			isa = PBXGroup;
			children = (
				809A13C81C6CA7A900CB3977 /* GlobalMessageServiceTests.swift */,
				809A13CA1C6CA7A900CB3977 /* Info.plist */,
			);
			name = Tests;
			path = ../Tests;
			sourceTree = "<group>";
		};
		809A13D31C6CA7F500CB3977 /* Source */ = {
			isa = PBXGroup;
			children = (
				80AE625A1C7F64BF00FE12D8 /* Core */,
				80AE62531C7F4B0600FE12D8 /* InboxViewController */,
			);
			name = Source;
			path = ../Source;
			sourceTree = SOURCE_ROOT;
		};
		809A13D41C6CA88F00CB3977 /* CoreData */ = {
			isa = PBXGroup;
			children = (
				809A13D51C6CA88F00CB3977 /* CoreData Extensions */,
				809A13D81C6CA88F00CB3977 /* GlobalMessageServiceCoreDataHelper.swift */,
				809A13D91C6CA88F00CB3977 /* GMSInboxFetchedDate+Extension.swift */,
				80AE62511C7F3EF200FE12D8 /* GMSInboxAlphaName+Extension.swift */,
				809A13DA1C6CA88F00CB3977 /* GMSInboxMessage+Extension.swift */,
				809A13DB1C6CA88F00CB3977 /* Objects */,
			);
			path = CoreData;
			sourceTree = "<group>";
		};
		809A13D51C6CA88F00CB3977 /* CoreData Extensions */ = {
			isa = PBXGroup;
			children = (
				809A13D61C6CA88F00CB3977 /* NSManagedObject+Extension.swift */,
				809A13D71C6CA88F00CB3977 /* NSManagedObjectContext+Extension.swift */,
			);
			path = "CoreData Extensions";
			sourceTree = "<group>";
		};
		809A13DB1C6CA88F00CB3977 /* Objects */ = {
			isa = PBXGroup;
			children = (
				80AE62451C7F3E7900FE12D8 /* GMSInboxFetchedDate+CoreDataProperties.swift */,
				80AE62461C7F3E7900FE12D8 /* GMSInboxFetchedDate.swift */,
				80AE62471C7F3E7900FE12D8 /* GMSInboxAlphaName+CoreDataProperties.swift */,
				80AE62481C7F3E7900FE12D8 /* GMSInboxAlphaName.swift */,
				80AE62491C7F3E7900FE12D8 /* GMSInboxMessage+CoreDataProperties.swift */,
				80AE624A1C7F3E7900FE12D8 /* GMSInboxMessage.swift */,
			);
			path = Objects;
			sourceTree = "<group>";
		};
		809A13E01C6CA88F00CB3977 /* Extensions */ = {
			isa = PBXGroup;
			children = (
				80ADC5831C9048BC006C285D /* Syncronized.swift */,
				809A13E21C6CA88F00CB3977 /* NSDate+Extension.swift */,
				809A13E31C6CA88F00CB3977 /* NSFileManager+Extensions.swift */,
			);
			path = Extensions;
			sourceTree = "<group>";
		};
		809A13EC1C6CA88F00CB3977 /* Headers */ = {
			isa = PBXGroup;
			children = (
				809A13ED1C6CA88F00CB3977 /* GlobalMessageService.h */,
			);
			path = Headers;
			sourceTree = "<group>";
		};
		809A13F01C6CA88F00CB3977 /* Log */ = {
			isa = PBXGroup;
			children = (
				809A13F11C6CA88F00CB3977 /* GlobalMessageService+Log.swift */,
			);
			path = Log;
			sourceTree = "<group>";
		};
		809A13F21C6CA88F00CB3977 /* Message */ = {
			isa = PBXGroup;
			children = (
				809A13F31C6CA88F00CB3977 /* GMSMessage.swift */,
				80A984B61C870B2900AF64AD /* GlobalMessageServiceMessageType.swift */,
				809A13F41C6CA88F00CB3977 /* GMSMessageFetcher.swift */,
			);
			path = Message;
			sourceTree = "<group>";
		};
		809A13F51C6CA88F00CB3977 /* PushNotification */ = {
			isa = PBXGroup;
			children = (
				809A13F61C6CA88F00CB3977 /* GMSPushNotification+CoreData.swift */,
				809A13F71C6CA88F00CB3977 /* GMSPushNotification+LocalNotification.swift */,
				809A13F81C6CA88F00CB3977 /* GMSPushNotification.swift */,
			);
			path = PushNotification;
			sourceTree = "<group>";
		};
		809A13F91C6CA88F00CB3977 /* Resources */ = {
			isa = PBXGroup;
			children = (
				802239981CAA6E49002A7D79 /* Core */,
			);
			name = Resources;
			path = ../Resources;
			sourceTree = SOURCE_ROOT;
		};
		809A13FF1C6CA88F00CB3977 /* REST Provider */ = {
			isa = PBXGroup;
			children = (
				809A14001C6CA88F00CB3977 /* GMSProvider+POST.swift */,
				809A14011C6CA88F00CB3977 /* GMSProvider.swift */,
			);
			path = "REST Provider";
			sourceTree = "<group>";
		};
		809A14031C6CA88F00CB3977 /* Settings */ = {
			isa = PBXGroup;
			children = (
				809A14041C6CA88F00CB3977 /* GlobalMessageService+SettingsOnTopLevel.swift */,
				809A14051C6CA88F00CB3977 /* GMSSettings.swift */,
			);
			path = Settings;
			sourceTree = "<group>";
		};
		80AE62531C7F4B0600FE12D8 /* InboxViewController */ = {
			isa = PBXGroup;
			children = (
				80AE62541C7F4D9800FE12D8 /* GlobalMessageServiceInboxViewController.swift */,
				80A984A81C847D3500AF64AD /* GlobalMessageServiceMessageFetcherJSQ.swift */,
				80A984AA1C847D7D00AF64AD /* GlobalMessageServiceMessageJSQ.swift */,
			);
			path = InboxViewController;
			sourceTree = "<group>";
		};
		80AE625A1C7F64BF00FE12D8 /* Core */ = {
			isa = PBXGroup;
			children = (
				809A13D41C6CA88F00CB3977 /* CoreData */,
				809A13E01C6CA88F00CB3977 /* Extensions */,
				809A13E41C6CA88F00CB3977 /* GlobalMessageService.swift */,
				802239961CAA5CE9002A7D79 /* GlobalMessageServicesResult.swift */,
				8083BF621CA935AF004240A9 /* GlobalMessageServiceHelper+Validation.swift */,
				8083BF5E1CA92915004240A9 /* GlobalMessageService+Localization.swift */,
				809A13E51C6CA88F00CB3977 /* GlobalMessageServiceGMSDelegate.swift */,
				809A13E61C6CA88F00CB3977 /* GlobalMessageServiceHelper.swift */,
				809A13E71C6CA88F00CB3977 /* GlobalMessageServiceHelper+RemoteNotifications.swift */,
				809A13E81C6CA88F00CB3977 /* GlobalMessageServiceHelper+SubscriberInfo.swift */,
				804B4FB21C7DABCC0006AA8C /* GlobalMessageServiceHelper+SubscribersLocation.swift */,
				804B4FB41C7DACA50006AA8C /* GlobalMessageServiceHelper+GCMToken.swift */,
				809A13EA1C6CA88F00CB3977 /* GlobalMessageServiceErrors.swift */,
				809A13EB1C6CA88F00CB3977 /* GMSUser.swift */,
				809A13EC1C6CA88F00CB3977 /* Headers */,
				809A13F01C6CA88F00CB3977 /* Log */,
				809A13F21C6CA88F00CB3977 /* Message */,
				809A13F51C6CA88F00CB3977 /* PushNotification */,
				809A13FF1C6CA88F00CB3977 /* REST Provider */,
				809A14031C6CA88F00CB3977 /* Settings */,
			);
			path = Core;
			sourceTree = "<group>";
		};
		C5380CCA71FA6C7A10708AFF /* Pods */ = {
			isa = PBXGroup;
			children = (
				DA0E85F11FC3003057B19B88 /* Pods-GlobalMessageService.debug.xcconfig */,
				5F37A2E51B3298786575D826 /* Pods-GlobalMessageService.release.xcconfig */,
			);
			name = Pods;
			sourceTree = "<group>";
		};
		EF315B1FD67431C30CA121F7 /* Frameworks */ = {
			isa = PBXGroup;
			children = (
				8022399C1CAACF1E002A7D79 /* CoreLocation.framework */,
				80E213E51C805A7F00AD44F1 /* ChattoAdditions.framework */,
				80E213E31C805A7C00AD44F1 /* Chatto.framework */,
				804B4FDE1C7DD9580006AA8C /* UIKit.framework */,
				804B4FDC1C7DD94F0006AA8C /* CoreData.framework */,
				804B4FDA1C7DD9490006AA8C /* MapKit.framework */,
				80C3A6061C75D585007721CA /* Foundation.framework */,
				00E685DD458B7D6EDC3C17F9 /* Pods_GlobalMessageService.framework */,
			);
			name = Frameworks;
			sourceTree = "<group>";
		};
/* End PBXGroup section */

/* Begin PBXHeadersBuildPhase section */
		809A13B61C6CA7A900CB3977 /* Headers */ = {
			isa = PBXHeadersBuildPhase;
			buildActionMask = 2147483647;
			files = (
				809A141A1C6CA88F00CB3977 /* GlobalMessageService.h in Headers */,
			);
			runOnlyForDeploymentPostprocessing = 0;
		};
/* End PBXHeadersBuildPhase section */

/* Begin PBXNativeTarget section */
		809A13B81C6CA7A900CB3977 /* GlobalMessageService */ = {
			isa = PBXNativeTarget;
			buildConfigurationList = 809A13CD1C6CA7A900CB3977 /* Build configuration list for PBXNativeTarget "GlobalMessageService" */;
			buildPhases = (
				E2834D3A031018097307CD8F /* 📦 Check Pods Manifest.lock */,
				809A13B41C6CA7A900CB3977 /* Sources */,
				809A13B51C6CA7A900CB3977 /* Frameworks */,
				809A13B61C6CA7A900CB3977 /* Headers */,
				809A13B71C6CA7A900CB3977 /* Resources */,
				806C0DD01C7CBA33001395BA /* swiftlint by @realm */,
				279C697C78EC021B5CB72EE0 /* 📦 Copy Pods Resources */,
			);
			buildRules = (
			);
			dependencies = (
			);
			name = GlobalMessageService;
			productName = GlobalMessageService;
			productReference = 809A13B91C6CA7A900CB3977 /* GlobalMessageService.framework */;
			productType = "com.apple.product-type.framework";
		};
		809A13C21C6CA7A900CB3977 /* GlobalMessageServiceTests */ = {
			isa = PBXNativeTarget;
			buildConfigurationList = 809A13D01C6CA7A900CB3977 /* Build configuration list for PBXNativeTarget "GlobalMessageServiceTests" */;
			buildPhases = (
				809A13BF1C6CA7A900CB3977 /* Sources */,
				809A13C01C6CA7A900CB3977 /* Frameworks */,
				809A13C11C6CA7A900CB3977 /* Resources */,
			);
			buildRules = (
			);
			dependencies = (
				809A13C61C6CA7A900CB3977 /* PBXTargetDependency */,
			);
			name = GlobalMessageServiceTests;
			productName = GlobalMessageServiceTests;
			productReference = 809A13C31C6CA7A900CB3977 /* GlobalMessageServiceTests.xctest */;
			productType = "com.apple.product-type.bundle.unit-test";
		};
/* End PBXNativeTarget section */

/* Begin PBXProject section */
		809A13B01C6CA7A900CB3977 /* Project object */ = {
			isa = PBXProject;
			attributes = {
				LastSwiftUpdateCheck = 0720;
				LastUpgradeCheck = 0730;
				ORGANIZATIONNAME = "Global Message Services Worldwide";
				TargetAttributes = {
					809A13B81C6CA7A900CB3977 = {
						CreatedOnToolsVersion = 7.2.1;
						DevelopmentTeam = DREVRNA23J;
					};
					809A13C21C6CA7A900CB3977 = {
						CreatedOnToolsVersion = 7.2.1;
					};
				};
			};
			buildConfigurationList = 809A13B31C6CA7A900CB3977 /* Build configuration list for PBXProject "GlobalMessageService" */;
			compatibilityVersion = "Xcode 3.2";
			developmentRegion = English;
			hasScannedForEncodings = 0;
			knownRegions = (
				en,
				uk,
				ru,
			);
			mainGroup = 809A13AF1C6CA7A900CB3977;
			productRefGroup = 809A13BA1C6CA7A900CB3977 /* Products */;
			projectDirPath = "";
			projectRoot = "";
			targets = (
				809A13B81C6CA7A900CB3977 /* GlobalMessageService */,
				809A13C21C6CA7A900CB3977 /* GlobalMessageServiceTests */,
			);
		};
/* End PBXProject section */

/* Begin PBXResourcesBuildPhase section */
		809A13B71C6CA7A900CB3977 /* Resources */ = {
			isa = PBXResourcesBuildPhase;
			buildActionMask = 2147483647;
			files = (
				8001D1F81C7314D300636645 /* GlobalMessageServiceErrors.strings in Resources */,
				809A14231C6CA88F00CB3977 /* GMSLocalizable.strings in Resources */,
			);
			runOnlyForDeploymentPostprocessing = 0;
		};
		809A13C11C6CA7A900CB3977 /* Resources */ = {
			isa = PBXResourcesBuildPhase;
			buildActionMask = 2147483647;
			files = (
			);
			runOnlyForDeploymentPostprocessing = 0;
		};
/* End PBXResourcesBuildPhase section */

/* Begin PBXShellScriptBuildPhase section */
		279C697C78EC021B5CB72EE0 /* 📦 Copy Pods Resources */ = {
			isa = PBXShellScriptBuildPhase;
			buildActionMask = 2147483647;
			files = (
			);
			inputPaths = (
			);
			name = "📦 Copy Pods Resources";
			outputPaths = (
			);
			runOnlyForDeploymentPostprocessing = 0;
			shellPath = /bin/sh;
			shellScript = "\"${SRCROOT}/Pods/Target Support Files/Pods-GlobalMessageService/Pods-GlobalMessageService-resources.sh\"\n";
			showEnvVarsInLog = 0;
		};
		806C0DD01C7CBA33001395BA /* swiftlint by @realm */ = {
			isa = PBXShellScriptBuildPhase;
			buildActionMask = 2147483647;
			files = (
			);
			inputPaths = (
			);
			name = "swiftlint by @realm";
			outputPaths = (
			);
			runOnlyForDeploymentPostprocessing = 0;
			shellPath = /bin/sh;
			shellScript = "if which swiftlint >/dev/null; then\n    swiftlint\nelse\n    echo \"warning: SwiftLint not installed, download from https://github.com/realm/SwiftLint\"\nfi";
		};
		E2834D3A031018097307CD8F /* 📦 Check Pods Manifest.lock */ = {
			isa = PBXShellScriptBuildPhase;
			buildActionMask = 2147483647;
			files = (
			);
			inputPaths = (
			);
			name = "📦 Check Pods Manifest.lock";
			outputPaths = (
			);
			runOnlyForDeploymentPostprocessing = 0;
			shellPath = /bin/sh;
			shellScript = "diff \"${PODS_ROOT}/../Podfile.lock\" \"${PODS_ROOT}/Manifest.lock\" > /dev/null\nif [[ $? != 0 ]] ; then\n    cat << EOM\nerror: The sandbox is not in sync with the Podfile.lock. Run 'pod install' or update your CocoaPods installation.\nEOM\n    exit 1\nfi\n";
			showEnvVarsInLog = 0;
		};
/* End PBXShellScriptBuildPhase section */

/* Begin PBXSourcesBuildPhase section */
		809A13B41C6CA7A900CB3977 /* Sources */ = {
			isa = PBXSourcesBuildPhase;
			buildActionMask = 2147483647;
			files = (
				809A14241C6CA88F00CB3977 /* GlobalMessageServicesInbox.xcdatamodeld in Sources */,
				804B4FB31C7DABCC0006AA8C /* GlobalMessageServiceHelper+SubscribersLocation.swift in Sources */,
				809A14111C6CA88F00CB3977 /* NSFileManager+Extensions.swift in Sources */,
				809A14181C6CA88F00CB3977 /* GlobalMessageServiceErrors.swift in Sources */,
				809A14221C6CA88F00CB3977 /* GMSPushNotification.swift in Sources */,
				80A984A91C847D3500AF64AD /* GlobalMessageServiceMessageFetcherJSQ.swift in Sources */,
				809A14291C6CA88F00CB3977 /* GMSSettings.swift in Sources */,
				809A14191C6CA88F00CB3977 /* GMSUser.swift in Sources */,
				80ADC5841C9048BC006C285D /* Syncronized.swift in Sources */,
				809A14061C6CA88F00CB3977 /* NSManagedObject+Extension.swift in Sources */,
				809A14071C6CA88F00CB3977 /* NSManagedObjectContext+Extension.swift in Sources */,
				802239971CAA5CEA002A7D79 /* GlobalMessageServicesResult.swift in Sources */,
				8083BF631CA935B0004240A9 /* GlobalMessageServiceHelper+Validation.swift in Sources */,
				809A14211C6CA88F00CB3977 /* GMSPushNotification+LocalNotification.swift in Sources */,
				809A14251C6CA88F00CB3977 /* GMSProvider+POST.swift in Sources */,
				80AE624C1C7F3E7900FE12D8 /* GMSInboxFetchedDate.swift in Sources */,
				809A14161C6CA88F00CB3977 /* GlobalMessageServiceHelper+SubscriberInfo.swift in Sources */,
				80A984B71C870B2900AF64AD /* GlobalMessageServiceMessageType.swift in Sources */,
				804B4FB51C7DACA50006AA8C /* GlobalMessageServiceHelper+GCMToken.swift in Sources */,
				80AE62521C7F3EF200FE12D8 /* GMSInboxAlphaName+Extension.swift in Sources */,
				809A141D1C6CA88F00CB3977 /* GlobalMessageService+Log.swift in Sources */,
				80AE62501C7F3E7900FE12D8 /* GMSInboxMessage.swift in Sources */,
				809A14281C6CA88F00CB3977 /* GlobalMessageService+SettingsOnTopLevel.swift in Sources */,
				80AE624D1C7F3E7900FE12D8 /* GMSInboxAlphaName+CoreDataProperties.swift in Sources */,
				809A140A1C6CA88F00CB3977 /* GMSInboxMessage+Extension.swift in Sources */,
				809A14151C6CA88F00CB3977 /* GlobalMessageServiceHelper+RemoteNotifications.swift in Sources */,
				809A14131C6CA88F00CB3977 /* GlobalMessageServiceGMSDelegate.swift in Sources */,
				80AE624B1C7F3E7900FE12D8 /* GMSInboxFetchedDate+CoreDataProperties.swift in Sources */,
				8083BF5F1CA92915004240A9 /* GlobalMessageService+Localization.swift in Sources */,
				80A984AB1C847D7D00AF64AD /* GlobalMessageServiceMessageJSQ.swift in Sources */,
				809A14101C6CA88F00CB3977 /* NSDate+Extension.swift in Sources */,
				809A14091C6CA88F00CB3977 /* GMSInboxFetchedDate+Extension.swift in Sources */,
				80AE624F1C7F3E7900FE12D8 /* GMSInboxMessage+CoreDataProperties.swift in Sources */,
				809A14141C6CA88F00CB3977 /* GlobalMessageServiceHelper.swift in Sources */,
				809A14081C6CA88F00CB3977 /* GlobalMessageServiceCoreDataHelper.swift in Sources */,
				80AE624E1C7F3E7900FE12D8 /* GMSInboxAlphaName.swift in Sources */,
				809A14121C6CA88F00CB3977 /* GlobalMessageService.swift in Sources */,
				809A14261C6CA88F00CB3977 /* GMSProvider.swift in Sources */,
				809A14201C6CA88F00CB3977 /* GMSPushNotification+CoreData.swift in Sources */,
				809A141E1C6CA88F00CB3977 /* GMSMessage.swift in Sources */,
				809A141F1C6CA88F00CB3977 /* GMSMessageFetcher.swift in Sources */,
				80AE62551C7F4D9800FE12D8 /* GlobalMessageServiceInboxViewController.swift in Sources */,
			);
			runOnlyForDeploymentPostprocessing = 0;
		};
		809A13BF1C6CA7A900CB3977 /* Sources */ = {
			isa = PBXSourcesBuildPhase;
			buildActionMask = 2147483647;
			files = (
				809A13C91C6CA7A900CB3977 /* GlobalMessageServiceTests.swift in Sources */,
			);
			runOnlyForDeploymentPostprocessing = 0;
		};
/* End PBXSourcesBuildPhase section */

/* Begin PBXTargetDependency section */
		809A13C61C6CA7A900CB3977 /* PBXTargetDependency */ = {
			isa = PBXTargetDependency;
			target = 809A13B81C6CA7A900CB3977 /* GlobalMessageService */;
			targetProxy = 809A13C51C6CA7A900CB3977 /* PBXContainerItemProxy */;
		};
/* End PBXTargetDependency section */

/* Begin PBXVariantGroup section */
		8001D1FA1C7314D300636645 /* GlobalMessageServiceErrors.strings */ = {
			isa = PBXVariantGroup;
			children = (
				8001D1F91C7314D300636645 /* en */,
				802050381CA401D600B09F69 /* uk */,
				802050391CA4052600B09F69 /* ru */,
			);
			name = GlobalMessageServiceErrors.strings;
			sourceTree = "<group>";
		};
		809A13FA1C6CA88F00CB3977 /* GMSLocalizable.strings */ = {
			isa = PBXVariantGroup;
			children = (
				809A13FB1C6CA88F00CB3977 /* en */,
				809A13FE1C6CA88F00CB3977 /* uk */,
				802050361CA4016800B09F69 /* ru */,
			);
			name = GMSLocalizable.strings;
			sourceTree = "<group>";
		};
/* End PBXVariantGroup section */

/* Begin XCBuildConfiguration section */
		809A13CB1C6CA7A900CB3977 /* Debug */ = {
			isa = XCBuildConfiguration;
			buildSettings = {
				ALWAYS_SEARCH_USER_PATHS = NO;
				CLANG_ALLOW_NON_MODULAR_INCLUDES_IN_FRAMEWORK_MODULES = YES;
				CLANG_CXX_LANGUAGE_STANDARD = "gnu++0x";
				CLANG_CXX_LIBRARY = "libc++";
				CLANG_ENABLE_MODULES = YES;
				CLANG_ENABLE_OBJC_ARC = YES;
				CLANG_WARN_BOOL_CONVERSION = YES;
				CLANG_WARN_CONSTANT_CONVERSION = YES;
				CLANG_WARN_DIRECT_OBJC_ISA_USAGE = YES_ERROR;
				CLANG_WARN_EMPTY_BODY = YES;
				CLANG_WARN_ENUM_CONVERSION = YES;
				CLANG_WARN_INT_CONVERSION = YES;
				CLANG_WARN_OBJC_ROOT_CLASS = YES_ERROR;
				CLANG_WARN_UNREACHABLE_CODE = YES;
				CLANG_WARN__DUPLICATE_METHOD_MATCH = YES;
				"CODE_SIGN_IDENTITY[sdk=iphoneos*]" = "iPhone Developer";
				COPY_PHASE_STRIP = NO;
				CURRENT_PROJECT_VERSION = 1;
				DEBUG_INFORMATION_FORMAT = dwarf;
				ENABLE_STRICT_OBJC_MSGSEND = YES;
				ENABLE_TESTABILITY = YES;
				GCC_C_LANGUAGE_STANDARD = gnu99;
				GCC_DYNAMIC_NO_PIC = NO;
				GCC_NO_COMMON_BLOCKS = YES;
				GCC_OPTIMIZATION_LEVEL = 0;
				GCC_PREPROCESSOR_DEFINITIONS = (
					"DEBUG=1",
					"$(inherited)",
				);
				GCC_WARN_64_TO_32_BIT_CONVERSION = YES;
				GCC_WARN_ABOUT_RETURN_TYPE = YES_ERROR;
				GCC_WARN_UNDECLARED_SELECTOR = YES;
				GCC_WARN_UNINITIALIZED_AUTOS = YES_AGGRESSIVE;
				GCC_WARN_UNUSED_FUNCTION = YES;
				GCC_WARN_UNUSED_VARIABLE = YES;
				IPHONEOS_DEPLOYMENT_TARGET = 8.0;
				MTL_ENABLE_DEBUG_INFO = YES;
				ONLY_ACTIVE_ARCH = YES;
				SDKROOT = iphoneos;
				SWIFT_OPTIMIZATION_LEVEL = "-Onone";
				TARGETED_DEVICE_FAMILY = "1,2";
				VERSIONING_SYSTEM = "apple-generic";
				VERSION_INFO_PREFIX = "";
			};
			name = Debug;
		};
		809A13CC1C6CA7A900CB3977 /* Release */ = {
			isa = XCBuildConfiguration;
			buildSettings = {
				ALWAYS_SEARCH_USER_PATHS = NO;
				CLANG_ALLOW_NON_MODULAR_INCLUDES_IN_FRAMEWORK_MODULES = YES;
				CLANG_CXX_LANGUAGE_STANDARD = "gnu++0x";
				CLANG_CXX_LIBRARY = "libc++";
				CLANG_ENABLE_MODULES = YES;
				CLANG_ENABLE_OBJC_ARC = YES;
				CLANG_WARN_BOOL_CONVERSION = YES;
				CLANG_WARN_CONSTANT_CONVERSION = YES;
				CLANG_WARN_DIRECT_OBJC_ISA_USAGE = YES_ERROR;
				CLANG_WARN_EMPTY_BODY = YES;
				CLANG_WARN_ENUM_CONVERSION = YES;
				CLANG_WARN_INT_CONVERSION = YES;
				CLANG_WARN_OBJC_ROOT_CLASS = YES_ERROR;
				CLANG_WARN_UNREACHABLE_CODE = YES;
				CLANG_WARN__DUPLICATE_METHOD_MATCH = YES;
				"CODE_SIGN_IDENTITY[sdk=iphoneos*]" = "iPhone Developer";
				COPY_PHASE_STRIP = NO;
				CURRENT_PROJECT_VERSION = 1;
				DEBUG_INFORMATION_FORMAT = "dwarf-with-dsym";
				ENABLE_NS_ASSERTIONS = NO;
				ENABLE_STRICT_OBJC_MSGSEND = YES;
				GCC_C_LANGUAGE_STANDARD = gnu99;
				GCC_NO_COMMON_BLOCKS = YES;
				GCC_WARN_64_TO_32_BIT_CONVERSION = YES;
				GCC_WARN_ABOUT_RETURN_TYPE = YES_ERROR;
				GCC_WARN_UNDECLARED_SELECTOR = YES;
				GCC_WARN_UNINITIALIZED_AUTOS = YES_AGGRESSIVE;
				GCC_WARN_UNUSED_FUNCTION = YES;
				GCC_WARN_UNUSED_VARIABLE = YES;
				IPHONEOS_DEPLOYMENT_TARGET = 8.0;
				MTL_ENABLE_DEBUG_INFO = NO;
				SDKROOT = iphoneos;
				TARGETED_DEVICE_FAMILY = "1,2";
				VALIDATE_PRODUCT = YES;
				VERSIONING_SYSTEM = "apple-generic";
				VERSION_INFO_PREFIX = "";
			};
			name = Release;
		};
		809A13CE1C6CA7A900CB3977 /* Debug */ = {
			isa = XCBuildConfiguration;
			baseConfigurationReference = DA0E85F11FC3003057B19B88 /* Pods-GlobalMessageService.debug.xcconfig */;
			buildSettings = {
				CLANG_ALLOW_NON_MODULAR_INCLUDES_IN_FRAMEWORK_MODULES = YES;
				CLANG_ENABLE_MODULES = YES;
				CODE_SIGN_IDENTITY = "iPhone Developer";
				DEFINES_MODULE = YES;
				DYLIB_COMPATIBILITY_VERSION = 1;
				DYLIB_CURRENT_VERSION = 1;
				DYLIB_INSTALL_NAME_BASE = "@rpath";
				ENABLE_BITCODE = NO;
				FRAMEWORK_SEARCH_PATHS = (
					"$(inherited)",
					"$(PROJECT_DIR)/Build/Products/Debug-iphoneos",
				);
				INFOPLIST_FILE = GlobalMessageService/Info.plist;
				INSTALL_PATH = "$(LOCAL_LIBRARY_DIR)/Frameworks";
				IPHONEOS_DEPLOYMENT_TARGET = 8.0;
				LD_RUNPATH_SEARCH_PATHS = "$(inherited) @executable_path/Frameworks @loader_path/Frameworks";
				PRODUCT_BUNDLE_IDENTIFIER = "com.gms-worldwide.GlobalMessageService";
				PRODUCT_NAME = "${TARGET_NAME}";
				SKIP_INSTALL = YES;
				SWIFT_INSTALL_OBJC_HEADER = NO;
				SWIFT_OPTIMIZATION_LEVEL = "-Onone";
			};
			name = Debug;
		};
		809A13CF1C6CA7A900CB3977 /* Release */ = {
			isa = XCBuildConfiguration;
			baseConfigurationReference = 5F37A2E51B3298786575D826 /* Pods-GlobalMessageService.release.xcconfig */;
			buildSettings = {
				CLANG_ALLOW_NON_MODULAR_INCLUDES_IN_FRAMEWORK_MODULES = YES;
				CLANG_ENABLE_MODULES = YES;
				CODE_SIGN_IDENTITY = "iPhone Developer";
				DEFINES_MODULE = YES;
				DYLIB_COMPATIBILITY_VERSION = 1;
				DYLIB_CURRENT_VERSION = 1;
				DYLIB_INSTALL_NAME_BASE = "@rpath";
				ENABLE_BITCODE = NO;
				FRAMEWORK_SEARCH_PATHS = (
					"$(inherited)",
					"$(PROJECT_DIR)/Build/Products/Debug-iphoneos",
				);
				INFOPLIST_FILE = GlobalMessageService/Info.plist;
				INSTALL_PATH = "$(LOCAL_LIBRARY_DIR)/Frameworks";
				IPHONEOS_DEPLOYMENT_TARGET = 8.0;
				LD_RUNPATH_SEARCH_PATHS = "$(inherited) @executable_path/Frameworks @loader_path/Frameworks";
				PRODUCT_BUNDLE_IDENTIFIER = "com.gms-worldwide.GlobalMessageService";
				PRODUCT_NAME = "${TARGET_NAME}";
				SKIP_INSTALL = YES;
				SWIFT_INSTALL_OBJC_HEADER = NO;
			};
			name = Release;
		};
		809A13D11C6CA7A900CB3977 /* Debug */ = {
			isa = XCBuildConfiguration;
			buildSettings = {
				INFOPLIST_FILE = ../Tests/Info.plist;
				LD_RUNPATH_SEARCH_PATHS = "$(inherited) @executable_path/Frameworks @loader_path/Frameworks";
				PRODUCT_BUNDLE_IDENTIFIER = "com.gms-worldwide.GlobalMessageServiceTests";
				PRODUCT_NAME = "$(TARGET_NAME)";
			};
			name = Debug;
		};
		809A13D21C6CA7A900CB3977 /* Release */ = {
			isa = XCBuildConfiguration;
			buildSettings = {
				INFOPLIST_FILE = ../Tests/Info.plist;
				LD_RUNPATH_SEARCH_PATHS = "$(inherited) @executable_path/Frameworks @loader_path/Frameworks";
				PRODUCT_BUNDLE_IDENTIFIER = "com.gms-worldwide.GlobalMessageServiceTests";
				PRODUCT_NAME = "$(TARGET_NAME)";
			};
			name = Release;
		};
/* End XCBuildConfiguration section */

/* Begin XCConfigurationList section */
		809A13B31C6CA7A900CB3977 /* Build configuration list for PBXProject "GlobalMessageService" */ = {
			isa = XCConfigurationList;
			buildConfigurations = (
				809A13CB1C6CA7A900CB3977 /* Debug */,
				809A13CC1C6CA7A900CB3977 /* Release */,
			);
			defaultConfigurationIsVisible = 0;
			defaultConfigurationName = Release;
		};
		809A13CD1C6CA7A900CB3977 /* Build configuration list for PBXNativeTarget "GlobalMessageService" */ = {
			isa = XCConfigurationList;
			buildConfigurations = (
				809A13CE1C6CA7A900CB3977 /* Debug */,
				809A13CF1C6CA7A900CB3977 /* Release */,
			);
			defaultConfigurationIsVisible = 0;
			defaultConfigurationName = Release;
		};
		809A13D01C6CA7A900CB3977 /* Build configuration list for PBXNativeTarget "GlobalMessageServiceTests" */ = {
			isa = XCConfigurationList;
			buildConfigurations = (
				809A13D11C6CA7A900CB3977 /* Debug */,
				809A13D21C6CA7A900CB3977 /* Release */,
			);
			defaultConfigurationIsVisible = 0;
			defaultConfigurationName = Release;
		};
/* End XCConfigurationList section */

/* Begin XCVersionGroup section */
		809A13FC1C6CA88F00CB3977 /* GlobalMessageServicesInbox.xcdatamodeld */ = {
			isa = XCVersionGroup;
			children = (
				809A13FD1C6CA88F00CB3977 /* GlobalMessageServicesInbox.xcdatamodel */,
			);
			currentVersion = 809A13FD1C6CA88F00CB3977 /* GlobalMessageServicesInbox.xcdatamodel */;
			path = GlobalMessageServicesInbox.xcdatamodeld;
			sourceTree = "<group>";
			versionGroupType = wrapper.xcdatamodel;
		};
/* End XCVersionGroup section */
	};
	rootObject = 809A13B01C6CA7A900CB3977 /* Project object */;
}
